
Microsoft Visual Studio Solution File, Format Version 12.00
# Visual Studio 2012
Project("{FAE04EC0-301F-11D3-BF4B-00C04F79EFBC}") = "TrainThing", "TrainThing\TrainThing.csproj", "{AD0BEDB3-0A71-49B0-8210-CA3857F0883B}"
EndProject
Global
	GlobalSection(SolutionConfigurationPlatforms) = preSolution
		Debug|Any CPU = Debug|Any CPU
		Release|Any CPU = Release|Any CPU
	EndGlobalSection
	GlobalSection(ProjectConfigurationPlatforms) = postSolution
		{AD0BEDB3-0A71-49B0-8210-CA3857F0883B}.Debug|Any CPU.ActiveCfg = Debug|Any CPU
		{AD0BEDB3-0A71-49B0-8210-CA3857F0883B}.Debug|Any CPU.Build.0 = Debug|Any CPU
		{AD0BEDB3-0A71-49B0-8210-CA3857F0883B}.Release|Any CPU.ActiveCfg = Release|Any CPU
		{AD0BEDB3-0A71-49B0-8210-CA3857F0883B}.Release|Any CPU.Build.0 = Release|Any CPU
	EndGlobalSection
EndGlobal
